// !$*UTF8*$!
{
	archiveVersion = 1;
	classes = {
	};
	objectVersion = 46;
	objects = {

/* Begin PBXBuildFile section */
		122A3A291E01441A006479D5 /* Day14.swift in Sources */ = {isa = PBXBuildFile; fileRef = 122A3A281E01441A006479D5 /* Day14.swift */; };
		122A3A2B1E023C8E006479D5 /* String+MD5.swift in Sources */ = {isa = PBXBuildFile; fileRef = 122A3A2A1E023C8E006479D5 /* String+MD5.swift */; };
		122A3A2D1E024EAE006479D5 /* NSRegularExpression+Caching.swift in Sources */ = {isa = PBXBuildFile; fileRef = 122A3A2C1E024EAE006479D5 /* NSRegularExpression+Caching.swift */; };
		122A3A421E02FCC4006479D5 /* Day15.swift in Sources */ = {isa = PBXBuildFile; fileRef = 122A3A411E02FCC4006479D5 /* Day15.swift */; };
		124E43BA1DFFA8BE00E24DB1 /* Day10.swift in Sources */ = {isa = PBXBuildFile; fileRef = 124E43B91DFFA8BE00E24DB1 /* Day10.swift */; };
		124E43BC1DFFDD7A00E24DB1 /* Day9.swift in Sources */ = {isa = PBXBuildFile; fileRef = 124E43BB1DFFDD7A00E24DB1 /* Day9.swift */; };
		124E43BE1E00E9C400E24DB1 /* Day13.swift in Sources */ = {isa = PBXBuildFile; fileRef = 124E43BD1E00E9C400E24DB1 /* Day13.swift */; };
		124E43C01E00F7A200E24DB1 /* MathExtensions.swift in Sources */ = {isa = PBXBuildFile; fileRef = 124E43BF1E00F7A200E24DB1 /* MathExtensions.swift */; };
		124E43C21E012B9000E24DB1 /* Day5.swift in Sources */ = {isa = PBXBuildFile; fileRef = 124E43C11E012B9000E24DB1 /* Day5.swift */; };
		1291BB801DFE01060070C8A7 /* main.swift in Sources */ = {isa = PBXBuildFile; fileRef = 1291BB7F1DFE01060070C8A7 /* main.swift */; };
		1291BB871DFE03170070C8A7 /* Day1.swift in Sources */ = {isa = PBXBuildFile; fileRef = 1291BB861DFE03170070C8A7 /* Day1.swift */; };
		1291BB891DFE03DE0070C8A7 /* IO.swift in Sources */ = {isa = PBXBuildFile; fileRef = 1291BB881DFE03DE0070C8A7 /* IO.swift */; };
		1291BB8E1DFE0F2F0070C8A7 /* String+Subscripting.swift in Sources */ = {isa = PBXBuildFile; fileRef = 1291BB8D1DFE0F2F0070C8A7 /* String+Subscripting.swift */; };
		1291BB901DFE15CC0070C8A7 /* Day2.swift in Sources */ = {isa = PBXBuildFile; fileRef = 1291BB8F1DFE15CC0070C8A7 /* Day2.swift */; };
		1291BB921DFEA7220070C8A7 /* Collection+SafeSubscript.swift in Sources */ = {isa = PBXBuildFile; fileRef = 1291BB911DFEA7220070C8A7 /* Collection+SafeSubscript.swift */; };
		1291BB941DFEAB810070C8A7 /* Day3.swift in Sources */ = {isa = PBXBuildFile; fileRef = 1291BB931DFEAB810070C8A7 /* Day3.swift */; };
		1291BB961DFEB4860070C8A7 /* Day4.swift in Sources */ = {isa = PBXBuildFile; fileRef = 1291BB951DFEB4860070C8A7 /* Day4.swift */; };
		1291BB9B1DFEBCC20070C8A7 /* String+Regex.swift in Sources */ = {isa = PBXBuildFile; fileRef = 1291BB9A1DFEBCC20070C8A7 /* String+Regex.swift */; };
		1291BB9D1DFF85270070C8A7 /* Day12.swift in Sources */ = {isa = PBXBuildFile; fileRef = 1291BB9C1DFF85270070C8A7 /* Day12.swift */; };
/* End PBXBuildFile section */

/* Begin PBXCopyFilesBuildPhase section */
		1291BB7A1DFE01060070C8A7 /* CopyFiles */ = {
			isa = PBXCopyFilesBuildPhase;
			buildActionMask = 2147483647;
			dstPath = /usr/share/man/man1/;
			dstSubfolderSpec = 0;
			files = (
			);
			runOnlyForDeploymentPostprocessing = 1;
		};
/* End PBXCopyFilesBuildPhase section */

/* Begin PBXFileReference section */
		122A3A281E01441A006479D5 /* Day14.swift */ = {isa = PBXFileReference; fileEncoding = 4; lastKnownFileType = sourcecode.swift; path = Day14.swift; sourceTree = "<group>"; };
		122A3A2A1E023C8E006479D5 /* String+MD5.swift */ = {isa = PBXFileReference; fileEncoding = 4; lastKnownFileType = sourcecode.swift; name = "String+MD5.swift"; path = "Extensions/String+MD5.swift"; sourceTree = "<group>"; };
		122A3A2C1E024EAE006479D5 /* NSRegularExpression+Caching.swift */ = {isa = PBXFileReference; fileEncoding = 4; lastKnownFileType = sourcecode.swift; name = "NSRegularExpression+Caching.swift"; path = "Extensions/NSRegularExpression+Caching.swift"; sourceTree = "<group>"; };
		122A3A411E02FCC4006479D5 /* Day15.swift */ = {isa = PBXFileReference; fileEncoding = 4; lastKnownFileType = sourcecode.swift; path = Day15.swift; sourceTree = "<group>"; };
		124E43B91DFFA8BE00E24DB1 /* Day10.swift */ = {isa = PBXFileReference; fileEncoding = 4; lastKnownFileType = sourcecode.swift; path = Day10.swift; sourceTree = "<group>"; };
		124E43BB1DFFDD7A00E24DB1 /* Day9.swift */ = {isa = PBXFileReference; fileEncoding = 4; lastKnownFileType = sourcecode.swift; path = Day9.swift; sourceTree = "<group>"; };
		124E43BD1E00E9C400E24DB1 /* Day13.swift */ = {isa = PBXFileReference; fileEncoding = 4; lastKnownFileType = sourcecode.swift; path = Day13.swift; sourceTree = "<group>"; };
		124E43BF1E00F7A200E24DB1 /* MathExtensions.swift */ = {isa = PBXFileReference; fileEncoding = 4; lastKnownFileType = sourcecode.swift; name = MathExtensions.swift; path = Extensions/MathExtensions.swift; sourceTree = "<group>"; };
		124E43C11E012B9000E24DB1 /* Day5.swift */ = {isa = PBXFileReference; fileEncoding = 4; lastKnownFileType = sourcecode.swift; path = Day5.swift; sourceTree = "<group>"; };
		124E43C31E012EDD00E24DB1 /* AdventOfCode2016-Bridging-Header.h */ = {isa = PBXFileReference; lastKnownFileType = sourcecode.c.h; path = "AdventOfCode2016-Bridging-Header.h"; sourceTree = "<group>"; };
		1291BB7C1DFE01060070C8A7 /* AdventOfCode2016 */ = {isa = PBXFileReference; explicitFileType = "compiled.mach-o.executable"; includeInIndex = 0; path = AdventOfCode2016; sourceTree = BUILT_PRODUCTS_DIR; };
		1291BB7F1DFE01060070C8A7 /* main.swift */ = {isa = PBXFileReference; lastKnownFileType = sourcecode.swift; path = main.swift; sourceTree = "<group>"; };
		1291BB861DFE03170070C8A7 /* Day1.swift */ = {isa = PBXFileReference; fileEncoding = 4; lastKnownFileType = sourcecode.swift; path = Day1.swift; sourceTree = "<group>"; };
		1291BB881DFE03DE0070C8A7 /* IO.swift */ = {isa = PBXFileReference; fileEncoding = 4; lastKnownFileType = sourcecode.swift; path = IO.swift; sourceTree = "<group>"; };
		1291BB8D1DFE0F2F0070C8A7 /* String+Subscripting.swift */ = {isa = PBXFileReference; fileEncoding = 4; lastKnownFileType = sourcecode.swift; name = "String+Subscripting.swift"; path = "Extensions/String+Subscripting.swift"; sourceTree = "<group>"; };
		1291BB8F1DFE15CC0070C8A7 /* Day2.swift */ = {isa = PBXFileReference; fileEncoding = 4; lastKnownFileType = sourcecode.swift; path = Day2.swift; sourceTree = "<group>"; };
		1291BB911DFEA7220070C8A7 /* Collection+SafeSubscript.swift */ = {isa = PBXFileReference; fileEncoding = 4; lastKnownFileType = sourcecode.swift; name = "Collection+SafeSubscript.swift"; path = "Extensions/Collection+SafeSubscript.swift"; sourceTree = "<group>"; };
		1291BB931DFEAB810070C8A7 /* Day3.swift */ = {isa = PBXFileReference; fileEncoding = 4; lastKnownFileType = sourcecode.swift; path = Day3.swift; sourceTree = "<group>"; };
		1291BB951DFEB4860070C8A7 /* Day4.swift */ = {isa = PBXFileReference; fileEncoding = 4; lastKnownFileType = sourcecode.swift; path = Day4.swift; sourceTree = "<group>"; };
		1291BB9A1DFEBCC20070C8A7 /* String+Regex.swift */ = {isa = PBXFileReference; fileEncoding = 4; lastKnownFileType = sourcecode.swift; name = "String+Regex.swift"; path = "Extensions/String+Regex.swift"; sourceTree = "<group>"; };
		1291BB9C1DFF85270070C8A7 /* Day12.swift */ = {isa = PBXFileReference; fileEncoding = 4; lastKnownFileType = sourcecode.swift; path = Day12.swift; sourceTree = "<group>"; };
/* End PBXFileReference section */

/* Begin PBXFrameworksBuildPhase section */
		1291BB791DFE01060070C8A7 /* Frameworks */ = {
			isa = PBXFrameworksBuildPhase;
			buildActionMask = 2147483647;
			files = (
			);
			runOnlyForDeploymentPostprocessing = 0;
		};
/* End PBXFrameworksBuildPhase section */

/* Begin PBXGroup section */
		1291BB731DFE01050070C8A7 = {
			isa = PBXGroup;
			children = (
				1291BB7E1DFE01060070C8A7 /* AdventOfCode2016 */,
				1291BB7D1DFE01060070C8A7 /* Products */,
			);
			sourceTree = "<group>";
		};
		1291BB7D1DFE01060070C8A7 /* Products */ = {
			isa = PBXGroup;
			children = (
				1291BB7C1DFE01060070C8A7 /* AdventOfCode2016 */,
			);
			name = Products;
			sourceTree = "<group>";
		};
		1291BB7E1DFE01060070C8A7 /* AdventOfCode2016 */ = {
			isa = PBXGroup;
			children = (
				1291BB8A1DFE0D040070C8A7 /* Extensions */,
				1291BB7F1DFE01060070C8A7 /* main.swift */,
				1291BB881DFE03DE0070C8A7 /* IO.swift */,
				1291BB861DFE03170070C8A7 /* Day1.swift */,
				1291BB8F1DFE15CC0070C8A7 /* Day2.swift */,
				1291BB931DFEAB810070C8A7 /* Day3.swift */,
				1291BB951DFEB4860070C8A7 /* Day4.swift */,
				124E43C11E012B9000E24DB1 /* Day5.swift */,
				124E43BB1DFFDD7A00E24DB1 /* Day9.swift */,
				124E43B91DFFA8BE00E24DB1 /* Day10.swift */,
				1291BB9C1DFF85270070C8A7 /* Day12.swift */,
				124E43BD1E00E9C400E24DB1 /* Day13.swift */,
				122A3A281E01441A006479D5 /* Day14.swift */,
				122A3A411E02FCC4006479D5 /* Day15.swift */,
				124E43C31E012EDD00E24DB1 /* AdventOfCode2016-Bridging-Header.h */,
			);
			path = AdventOfCode2016;
			sourceTree = "<group>";
		};
		1291BB8A1DFE0D040070C8A7 /* Extensions */ = {
			isa = PBXGroup;
			children = (
				1291BB8D1DFE0F2F0070C8A7 /* String+Subscripting.swift */,
				1291BB911DFEA7220070C8A7 /* Collection+SafeSubscript.swift */,
				1291BB9A1DFEBCC20070C8A7 /* String+Regex.swift */,
				124E43BF1E00F7A200E24DB1 /* MathExtensions.swift */,
				122A3A2A1E023C8E006479D5 /* String+MD5.swift */,
				122A3A2C1E024EAE006479D5 /* NSRegularExpression+Caching.swift */,
			);
			name = Extensions;
			sourceTree = "<group>";
		};
/* End PBXGroup section */

/* Begin PBXNativeTarget section */
		1291BB7B1DFE01060070C8A7 /* AdventOfCode2016 */ = {
			isa = PBXNativeTarget;
			buildConfigurationList = 1291BB831DFE01060070C8A7 /* Build configuration list for PBXNativeTarget "AdventOfCode2016" */;
			buildPhases = (
				1291BB781DFE01060070C8A7 /* Sources */,
				1291BB791DFE01060070C8A7 /* Frameworks */,
				1291BB7A1DFE01060070C8A7 /* CopyFiles */,
			);
			buildRules = (
			);
			dependencies = (
			);
			name = AdventOfCode2016;
			productName = AdventOfCode2016;
			productReference = 1291BB7C1DFE01060070C8A7 /* AdventOfCode2016 */;
			productType = "com.apple.product-type.tool";
		};
/* End PBXNativeTarget section */

/* Begin PBXProject section */
		1291BB741DFE01050070C8A7 /* Project object */ = {
			isa = PBXProject;
			attributes = {
				LastSwiftUpdateCheck = 0810;
				LastUpgradeCheck = 0810;
				ORGANIZATIONNAME = ArsenykUstaris;
				TargetAttributes = {
					1291BB7B1DFE01060070C8A7 = {
						CreatedOnToolsVersion = 8.1;
						LastSwiftMigration = 0810;
						ProvisioningStyle = Automatic;
					};
				};
			};
			buildConfigurationList = 1291BB771DFE01050070C8A7 /* Build configuration list for PBXProject "AdventOfCode2016" */;
			compatibilityVersion = "Xcode 3.2";
			developmentRegion = English;
			hasScannedForEncodings = 0;
			knownRegions = (
				en,
			);
			mainGroup = 1291BB731DFE01050070C8A7;
			productRefGroup = 1291BB7D1DFE01060070C8A7 /* Products */;
			projectDirPath = "";
			projectRoot = "";
			targets = (
				1291BB7B1DFE01060070C8A7 /* AdventOfCode2016 */,
			);
		};
/* End PBXProject section */

/* Begin PBXSourcesBuildPhase section */
		1291BB781DFE01060070C8A7 /* Sources */ = {
			isa = PBXSourcesBuildPhase;
			buildActionMask = 2147483647;
			files = (
				1291BB941DFEAB810070C8A7 /* Day3.swift in Sources */,
				1291BB8E1DFE0F2F0070C8A7 /* String+Subscripting.swift in Sources */,
				122A3A2D1E024EAE006479D5 /* NSRegularExpression+Caching.swift in Sources */,
				124E43BE1E00E9C400E24DB1 /* Day13.swift in Sources */,
				122A3A2B1E023C8E006479D5 /* String+MD5.swift in Sources */,
				122A3A291E01441A006479D5 /* Day14.swift in Sources */,
				1291BB901DFE15CC0070C8A7 /* Day2.swift in Sources */,
				1291BB871DFE03170070C8A7 /* Day1.swift in Sources */,
				1291BB801DFE01060070C8A7 /* main.swift in Sources */,
				124E43BA1DFFA8BE00E24DB1 /* Day10.swift in Sources */,
				1291BB921DFEA7220070C8A7 /* Collection+SafeSubscript.swift in Sources */,
				124E43C21E012B9000E24DB1 /* Day5.swift in Sources */,
				1291BB9B1DFEBCC20070C8A7 /* String+Regex.swift in Sources */,
				1291BB891DFE03DE0070C8A7 /* IO.swift in Sources */,
				124E43BC1DFFDD7A00E24DB1 /* Day9.swift in Sources */,
				122A3A421E02FCC4006479D5 /* Day15.swift in Sources */,
				1291BB961DFEB4860070C8A7 /* Day4.swift in Sources */,
				1291BB9D1DFF85270070C8A7 /* Day12.swift in Sources */,
				124E43C01E00F7A200E24DB1 /* MathExtensions.swift in Sources */,
			);
			runOnlyForDeploymentPostprocessing = 0;
		};
/* End PBXSourcesBuildPhase section */

/* Begin XCBuildConfiguration section */
		1291BB811DFE01060070C8A7 /* Debug */ = {
			isa = XCBuildConfiguration;
			buildSettings = {
				ALWAYS_SEARCH_USER_PATHS = NO;
				CLANG_ANALYZER_NONNULL = YES;
				CLANG_CXX_LANGUAGE_STANDARD = "gnu++0x";
				CLANG_CXX_LIBRARY = "libc++";
				CLANG_ENABLE_MODULES = YES;
				CLANG_ENABLE_OBJC_ARC = YES;
				CLANG_WARN_BOOL_CONVERSION = YES;
				CLANG_WARN_CONSTANT_CONVERSION = YES;
				CLANG_WARN_DIRECT_OBJC_ISA_USAGE = YES_ERROR;
				CLANG_WARN_DOCUMENTATION_COMMENTS = YES;
				CLANG_WARN_EMPTY_BODY = YES;
				CLANG_WARN_ENUM_CONVERSION = YES;
				CLANG_WARN_INFINITE_RECURSION = YES;
				CLANG_WARN_INT_CONVERSION = YES;
				CLANG_WARN_OBJC_ROOT_CLASS = YES_ERROR;
				CLANG_WARN_SUSPICIOUS_MOVES = YES;
				CLANG_WARN_UNREACHABLE_CODE = YES;
				CLANG_WARN__DUPLICATE_METHOD_MATCH = YES;
				CODE_SIGN_IDENTITY = "-";
				COPY_PHASE_STRIP = NO;
				DEBUG_INFORMATION_FORMAT = dwarf;
				ENABLE_STRICT_OBJC_MSGSEND = YES;
				ENABLE_TESTABILITY = YES;
				GCC_C_LANGUAGE_STANDARD = gnu99;
				GCC_DYNAMIC_NO_PIC = NO;
				GCC_NO_COMMON_BLOCKS = YES;
				GCC_OPTIMIZATION_LEVEL = 0;
				GCC_PREPROCESSOR_DEFINITIONS = (
					"DEBUG=1",
					"$(inherited)",
				);
				GCC_WARN_64_TO_32_BIT_CONVERSION = YES;
				GCC_WARN_ABOUT_RETURN_TYPE = YES_ERROR;
				GCC_WARN_UNDECLARED_SELECTOR = YES;
				GCC_WARN_UNINITIALIZED_AUTOS = YES_AGGRESSIVE;
				GCC_WARN_UNUSED_FUNCTION = YES;
				GCC_WARN_UNUSED_VARIABLE = YES;
				MACOSX_DEPLOYMENT_TARGET = 10.12;
				MTL_ENABLE_DEBUG_INFO = YES;
				ONLY_ACTIVE_ARCH = YES;
				SDKROOT = macosx;
				SWIFT_OPTIMIZATION_LEVEL = "-Onone";
			};
			name = Debug;
		};
		1291BB821DFE01060070C8A7 /* Release */ = {
			isa = XCBuildConfiguration;
			buildSettings = {
				ALWAYS_SEARCH_USER_PATHS = NO;
				CLANG_ANALYZER_NONNULL = YES;
				CLANG_CXX_LANGUAGE_STANDARD = "gnu++0x";
				CLANG_CXX_LIBRARY = "libc++";
				CLANG_ENABLE_MODULES = YES;
				CLANG_ENABLE_OBJC_ARC = YES;
				CLANG_WARN_BOOL_CONVERSION = YES;
				CLANG_WARN_CONSTANT_CONVERSION = YES;
				CLANG_WARN_DIRECT_OBJC_ISA_USAGE = YES_ERROR;
				CLANG_WARN_DOCUMENTATION_COMMENTS = YES;
				CLANG_WARN_EMPTY_BODY = YES;
				CLANG_WARN_ENUM_CONVERSION = YES;
				CLANG_WARN_INFINITE_RECURSION = YES;
				CLANG_WARN_INT_CONVERSION = YES;
				CLANG_WARN_OBJC_ROOT_CLASS = YES_ERROR;
				CLANG_WARN_SUSPICIOUS_MOVES = YES;
				CLANG_WARN_UNREACHABLE_CODE = YES;
				CLANG_WARN__DUPLICATE_METHOD_MATCH = YES;
				CODE_SIGN_IDENTITY = "-";
				COPY_PHASE_STRIP = NO;
				DEBUG_INFORMATION_FORMAT = "dwarf-with-dsym";
				ENABLE_NS_ASSERTIONS = NO;
				ENABLE_STRICT_OBJC_MSGSEND = YES;
				GCC_C_LANGUAGE_STANDARD = gnu99;
				GCC_NO_COMMON_BLOCKS = YES;
				GCC_WARN_64_TO_32_BIT_CONVERSION = YES;
				GCC_WARN_ABOUT_RETURN_TYPE = YES_ERROR;
				GCC_WARN_UNDECLARED_SELECTOR = YES;
				GCC_WARN_UNINITIALIZED_AUTOS = YES_AGGRESSIVE;
				GCC_WARN_UNUSED_FUNCTION = YES;
				GCC_WARN_UNUSED_VARIABLE = YES;
				MACOSX_DEPLOYMENT_TARGET = 10.12;
				MTL_ENABLE_DEBUG_INFO = NO;
				SDKROOT = macosx;
			};
			name = Release;
		};
		1291BB841DFE01060070C8A7 /* Debug */ = {
			isa = XCBuildConfiguration;
			buildSettings = {
				CLANG_ENABLE_MODULES = YES;
				LD_RUNPATH_SEARCH_PATHS = "$(inherited) @executable_path/../Frameworks @loader_path/../Frameworks";
				PRODUCT_NAME = "$(TARGET_NAME)";
				SWIFT_OBJC_BRIDGING_HEADER = "AdventOfCode2016/AdventOfCode2016-Bridging-Header.h";
				SWIFT_OPTIMIZATION_LEVEL = "-Onone";
				SWIFT_VERSION = 3.0;
			};
			name = Debug;
		};
		1291BB851DFE01060070C8A7 /* Release */ = {
			isa = XCBuildConfiguration;
			buildSettings = {
				CLANG_ENABLE_MODULES = YES;
				LD_RUNPATH_SEARCH_PATHS = "$(inherited) @executable_path/../Frameworks @loader_path/../Frameworks";
				PRODUCT_NAME = "$(TARGET_NAME)";
				SWIFT_OBJC_BRIDGING_HEADER = "AdventOfCode2016/AdventOfCode2016-Bridging-Header.h";
				SWIFT_VERSION = 3.0;
			};
			name = Release;
		};
/* End XCBuildConfiguration section */

/* Begin XCConfigurationList section */
		1291BB771DFE01050070C8A7 /* Build configuration list for PBXProject "AdventOfCode2016" */ = {
			isa = XCConfigurationList;
			buildConfigurations = (
				1291BB811DFE01060070C8A7 /* Debug */,
				1291BB821DFE01060070C8A7 /* Release */,
			);
			defaultConfigurationIsVisible = 0;
			defaultConfigurationName = Release;
		};
		1291BB831DFE01060070C8A7 /* Build configuration list for PBXNativeTarget "AdventOfCode2016" */ = {
			isa = XCConfigurationList;
			buildConfigurations = (
				1291BB841DFE01060070C8A7 /* Debug */,
				1291BB851DFE01060070C8A7 /* Release */,
			);
			defaultConfigurationIsVisible = 0;
			defaultConfigurationName = Release;
		};
/* End XCConfigurationList section */
	};
	rootObject = 1291BB741DFE01050070C8A7 /* Project object */;
}
